
Microsoft Visual Studio Solution File, Format Version 12.00
# Visual Studio Version 17
VisualStudioVersion = 17.2.32602.215
MinimumVisualStudioVersion = 10.0.40219.1
Project("{FAE04EC0-301F-11D3-BF4B-00C04F79EFBC}") = "IntroToInheriance3", "IntroToInheriance3\IntroToInheriance3.csproj", "{63374437-32AF-4171-B95F-D5E88110D49C}"
EndProject
Global
	GlobalSection(SolutionConfigurationPlatforms) = preSolution
		Debug|Any CPU = Debug|Any CPU
		Release|Any CPU = Release|Any CPU
	EndGlobalSection
	GlobalSection(ProjectConfigurationPlatforms) = postSolution
		{63374437-32AF-4171-B95F-D5E88110D49C}.Debug|Any CPU.ActiveCfg = Debug|Any CPU
		{63374437-32AF-4171-B95F-D5E88110D49C}.Debug|Any CPU.Build.0 = Debug|Any CPU
		{63374437-32AF-4171-B95F-D5E88110D49C}.Release|Any CPU.ActiveCfg = Release|Any CPU
		{63374437-32AF-4171-B95F-D5E88110D49C}.Release|Any CPU.Build.0 = Release|Any CPU
	EndGlobalSection
	GlobalSection(SolutionProperties) = preSolution
		HideSolutionNode = FALSE
	EndGlobalSection
	GlobalSection(ExtensibilityGlobals) = postSolution
		SolutionGuid = {2383152E-A770-456B-AF3B-D944DD703B4B}
	EndGlobalSection
EndGlobal
